
Microsoft Visual Studio Solution File, Format Version 12.00
# Visual Studio 2012
Project("{8BC9CEB8-8B4A-11D0-8D11-00A0C91BC942}") = "ShieldBattery", "ShieldBattery\ShieldBattery.vcxproj", "{4A4B7626-89C8-4F31-B142-F4BF0031E6CF}"
EndProject
Project("{8BC9CEB8-8B4A-11D0-8D11-00A0C91BC942}") = "Scout", "Scout\Scout.vcxproj", "{0A767AFB-1A95-4CC4-ACAE-8530A89FE800}"
EndProject
Project("{8BC9CEB8-8B4A-11D0-8D11-00A0C91BC942}") = "Snp", "Snp\Snp.vcxproj", "{E0ABDE4C-5505-496A-888C-4670BE4C3218}"
EndProject
Project("{2150E333-8FDC-42A3-9474-1A3956D46DE8}") = "deps", "deps", "{83D41571-B846-4117-8CD9-F3FE801F9A6B}"
EndProject
Project("{2150E333-8FDC-42A3-9474-1A3956D46DE8}") = "node", "node", "{D9D3FAA6-3B36-4DC4-A22E-32DEABEE4404}"
EndProject
Project("{8BC9CEB8-8B4A-11D0-8D11-00A0C91BC942}") = "node", "deps\node\node.vcxproj", "{93F00CD2-1EF7-077B-5AB9-908EC137929F}"
EndProject
Project("{8BC9CEB8-8B4A-11D0-8D11-00A0C91BC942}") = "node_js2c", "deps\node\node_js2c.vcxproj", "{4DCBA3DB-4989-EAB7-0252-907D0C8A5A33}"
EndProject
Project("{8BC9CEB8-8B4A-11D0-8D11-00A0C91BC942}") = "cares", "deps\node\deps\cares\cares.vcxproj", "{74CF319D-6651-E4ED-35FD-B82D47DC2516}"
EndProject
Project("{8BC9CEB8-8B4A-11D0-8D11-00A0C91BC942}") = "http_parser", "deps\node\deps\http_parser\http_parser.vcxproj", "{3D75A4D7-C52C-EA52-8959-BDF659A0ED66}"
EndProject
Project("{8BC9CEB8-8B4A-11D0-8D11-00A0C91BC942}") = "zlib", "deps\node\deps\zlib\zlib.vcxproj", "{7FF6F247-3828-69AF-7EDB-FB0A9FF393E1}"
EndProject
Project("{8BC9CEB8-8B4A-11D0-8D11-00A0C91BC942}") = "js2c", "deps\node\deps\v8\tools\gyp\js2c.vcxproj", "{B5211BC6-68D3-792F-117F-B0C5D46CCBEE}"
EndProject
Project("{8BC9CEB8-8B4A-11D0-8D11-00A0C91BC942}") = "mksnapshot", "deps\node\deps\v8\tools\gyp\mksnapshot.vcxproj", "{82B2B631-94D9-DC50-7D77-E7F265B0024F}"
EndProject
Project("{8BC9CEB8-8B4A-11D0-8D11-00A0C91BC942}") = "v8", "deps\node\deps\v8\tools\gyp\v8.vcxproj", "{5F03D104-10BB-B3BA-7021-6A64E7AA221F}"
EndProject
Project("{8BC9CEB8-8B4A-11D0-8D11-00A0C91BC942}") = "v8_base", "deps\node\deps\v8\tools\gyp\v8_base.vcxproj", "{49E7EEAF-9054-48C6-88AE-03D0F4968B76}"
EndProject
Project("{8BC9CEB8-8B4A-11D0-8D11-00A0C91BC942}") = "v8_nosnapshot", "deps\node\deps\v8\tools\gyp\v8_nosnapshot.vcxproj", "{4D6734B5-7D37-17AD-7060-E94CFDAE292E}"
EndProject
Project("{8BC9CEB8-8B4A-11D0-8D11-00A0C91BC942}") = "v8_snapshot", "deps\node\deps\v8\tools\gyp\v8_snapshot.vcxproj", "{A9E66316-6483-BD43-8FC3-020655427237}"
EndProject
Project("{8BC9CEB8-8B4A-11D0-8D11-00A0C91BC942}") = "openssl", "deps\node\deps\openssl\openssl.vcxproj", "{5C6460DB-F7B1-5315-A0DE-79A9DFC525A1}"
EndProject
Project("{8BC9CEB8-8B4A-11D0-8D11-00A0C91BC942}") = "libuv", "deps\node\deps\uv\libuv.vcxproj", "{603C6853-166F-A229-0CE7-B001CAF96C76}"
EndProject
Global
	GlobalSection(SolutionConfigurationPlatforms) = preSolution
		Debug|Win32 = Debug|Win32
		Release|Win32 = Release|Win32
	EndGlobalSection
	GlobalSection(ProjectConfigurationPlatforms) = postSolution
		{4A4B7626-89C8-4F31-B142-F4BF0031E6CF}.Debug|Win32.ActiveCfg = Debug|Win32
		{4A4B7626-89C8-4F31-B142-F4BF0031E6CF}.Debug|Win32.Build.0 = Debug|Win32
		{4A4B7626-89C8-4F31-B142-F4BF0031E6CF}.Release|Win32.ActiveCfg = Release|Win32
		{4A4B7626-89C8-4F31-B142-F4BF0031E6CF}.Release|Win32.Build.0 = Release|Win32
		{0A767AFB-1A95-4CC4-ACAE-8530A89FE800}.Debug|Win32.ActiveCfg = Debug|Win32
		{0A767AFB-1A95-4CC4-ACAE-8530A89FE800}.Debug|Win32.Build.0 = Debug|Win32
		{0A767AFB-1A95-4CC4-ACAE-8530A89FE800}.Release|Win32.ActiveCfg = Release|Win32
		{0A767AFB-1A95-4CC4-ACAE-8530A89FE800}.Release|Win32.Build.0 = Release|Win32
		{E0ABDE4C-5505-496A-888C-4670BE4C3218}.Debug|Win32.ActiveCfg = Debug|Win32
		{E0ABDE4C-5505-496A-888C-4670BE4C3218}.Debug|Win32.Build.0 = Debug|Win32
		{E0ABDE4C-5505-496A-888C-4670BE4C3218}.Release|Win32.ActiveCfg = Release|Win32
		{E0ABDE4C-5505-496A-888C-4670BE4C3218}.Release|Win32.Build.0 = Release|Win32
		{93F00CD2-1EF7-077B-5AB9-908EC137929F}.Debug|Win32.ActiveCfg = Debug|Win32
		{93F00CD2-1EF7-077B-5AB9-908EC137929F}.Debug|Win32.Build.0 = Debug|Win32
		{93F00CD2-1EF7-077B-5AB9-908EC137929F}.Release|Win32.ActiveCfg = Release|Win32
		{93F00CD2-1EF7-077B-5AB9-908EC137929F}.Release|Win32.Build.0 = Release|Win32
		{4DCBA3DB-4989-EAB7-0252-907D0C8A5A33}.Debug|Win32.ActiveCfg = Debug|Win32
		{4DCBA3DB-4989-EAB7-0252-907D0C8A5A33}.Debug|Win32.Build.0 = Debug|Win32
		{4DCBA3DB-4989-EAB7-0252-907D0C8A5A33}.Release|Win32.ActiveCfg = Release|Win32
		{4DCBA3DB-4989-EAB7-0252-907D0C8A5A33}.Release|Win32.Build.0 = Release|Win32
		{74CF319D-6651-E4ED-35FD-B82D47DC2516}.Debug|Win32.ActiveCfg = Debug|Win32
		{74CF319D-6651-E4ED-35FD-B82D47DC2516}.Debug|Win32.Build.0 = Debug|Win32
		{74CF319D-6651-E4ED-35FD-B82D47DC2516}.Release|Win32.ActiveCfg = Release|Win32
		{74CF319D-6651-E4ED-35FD-B82D47DC2516}.Release|Win32.Build.0 = Release|Win32
		{3D75A4D7-C52C-EA52-8959-BDF659A0ED66}.Debug|Win32.ActiveCfg = Debug|Win32
		{3D75A4D7-C52C-EA52-8959-BDF659A0ED66}.Debug|Win32.Build.0 = Debug|Win32
		{3D75A4D7-C52C-EA52-8959-BDF659A0ED66}.Release|Win32.ActiveCfg = Release|Win32
		{3D75A4D7-C52C-EA52-8959-BDF659A0ED66}.Release|Win32.Build.0 = Release|Win32
		{7FF6F247-3828-69AF-7EDB-FB0A9FF393E1}.Debug|Win32.ActiveCfg = Debug|Win32
		{7FF6F247-3828-69AF-7EDB-FB0A9FF393E1}.Debug|Win32.Build.0 = Debug|Win32
		{7FF6F247-3828-69AF-7EDB-FB0A9FF393E1}.Release|Win32.ActiveCfg = Release|Win32
		{7FF6F247-3828-69AF-7EDB-FB0A9FF393E1}.Release|Win32.Build.0 = Release|Win32
		{B5211BC6-68D3-792F-117F-B0C5D46CCBEE}.Debug|Win32.ActiveCfg = Debug|Win32
		{B5211BC6-68D3-792F-117F-B0C5D46CCBEE}.Debug|Win32.Build.0 = Debug|Win32
		{B5211BC6-68D3-792F-117F-B0C5D46CCBEE}.Release|Win32.ActiveCfg = Release|Win32
		{B5211BC6-68D3-792F-117F-B0C5D46CCBEE}.Release|Win32.Build.0 = Release|Win32
		{82B2B631-94D9-DC50-7D77-E7F265B0024F}.Debug|Win32.ActiveCfg = Debug|Win32
		{82B2B631-94D9-DC50-7D77-E7F265B0024F}.Debug|Win32.Build.0 = Debug|Win32
		{82B2B631-94D9-DC50-7D77-E7F265B0024F}.Release|Win32.ActiveCfg = Release|Win32
		{82B2B631-94D9-DC50-7D77-E7F265B0024F}.Release|Win32.Build.0 = Release|Win32
		{5F03D104-10BB-B3BA-7021-6A64E7AA221F}.Debug|Win32.ActiveCfg = Debug|Win32
		{5F03D104-10BB-B3BA-7021-6A64E7AA221F}.Debug|Win32.Build.0 = Debug|Win32
		{5F03D104-10BB-B3BA-7021-6A64E7AA221F}.Release|Win32.ActiveCfg = Release|Win32
		{5F03D104-10BB-B3BA-7021-6A64E7AA221F}.Release|Win32.Build.0 = Release|Win32
		{49E7EEAF-9054-48C6-88AE-03D0F4968B76}.Debug|Win32.ActiveCfg = Debug|Win32
		{49E7EEAF-9054-48C6-88AE-03D0F4968B76}.Debug|Win32.Build.0 = Debug|Win32
		{49E7EEAF-9054-48C6-88AE-03D0F4968B76}.Release|Win32.ActiveCfg = Release|Win32
		{49E7EEAF-9054-48C6-88AE-03D0F4968B76}.Release|Win32.Build.0 = Release|Win32
		{4D6734B5-7D37-17AD-7060-E94CFDAE292E}.Debug|Win32.ActiveCfg = Debug|Win32
		{4D6734B5-7D37-17AD-7060-E94CFDAE292E}.Debug|Win32.Build.0 = Debug|Win32
		{4D6734B5-7D37-17AD-7060-E94CFDAE292E}.Release|Win32.ActiveCfg = Release|Win32
		{4D6734B5-7D37-17AD-7060-E94CFDAE292E}.Release|Win32.Build.0 = Release|Win32
		{A9E66316-6483-BD43-8FC3-020655427237}.Debug|Win32.ActiveCfg = Debug|Win32
		{A9E66316-6483-BD43-8FC3-020655427237}.Debug|Win32.Build.0 = Debug|Win32
		{A9E66316-6483-BD43-8FC3-020655427237}.Release|Win32.ActiveCfg = Release|Win32
		{A9E66316-6483-BD43-8FC3-020655427237}.Release|Win32.Build.0 = Release|Win32
		{5C6460DB-F7B1-5315-A0DE-79A9DFC525A1}.Debug|Win32.ActiveCfg = Debug|Win32
		{5C6460DB-F7B1-5315-A0DE-79A9DFC525A1}.Debug|Win32.Build.0 = Debug|Win32
		{5C6460DB-F7B1-5315-A0DE-79A9DFC525A1}.Release|Win32.ActiveCfg = Release|Win32
		{5C6460DB-F7B1-5315-A0DE-79A9DFC525A1}.Release|Win32.Build.0 = Release|Win32
		{603C6853-166F-A229-0CE7-B001CAF96C76}.Debug|Win32.ActiveCfg = Debug|Win32
		{603C6853-166F-A229-0CE7-B001CAF96C76}.Debug|Win32.Build.0 = Debug|Win32
		{603C6853-166F-A229-0CE7-B001CAF96C76}.Release|Win32.ActiveCfg = Release|Win32
		{603C6853-166F-A229-0CE7-B001CAF96C76}.Release|Win32.Build.0 = Release|Win32
	EndGlobalSection
	GlobalSection(SolutionProperties) = preSolution
		HideSolutionNode = FALSE
	EndGlobalSection
	GlobalSection(NestedProjects) = preSolution
		{D9D3FAA6-3B36-4DC4-A22E-32DEABEE4404} = {83D41571-B846-4117-8CD9-F3FE801F9A6B}
		{93F00CD2-1EF7-077B-5AB9-908EC137929F} = {D9D3FAA6-3B36-4DC4-A22E-32DEABEE4404}
		{4DCBA3DB-4989-EAB7-0252-907D0C8A5A33} = {D9D3FAA6-3B36-4DC4-A22E-32DEABEE4404}
		{74CF319D-6651-E4ED-35FD-B82D47DC2516} = {D9D3FAA6-3B36-4DC4-A22E-32DEABEE4404}
		{3D75A4D7-C52C-EA52-8959-BDF659A0ED66} = {D9D3FAA6-3B36-4DC4-A22E-32DEABEE4404}
		{7FF6F247-3828-69AF-7EDB-FB0A9FF393E1} = {D9D3FAA6-3B36-4DC4-A22E-32DEABEE4404}
		{B5211BC6-68D3-792F-117F-B0C5D46CCBEE} = {D9D3FAA6-3B36-4DC4-A22E-32DEABEE4404}
		{82B2B631-94D9-DC50-7D77-E7F265B0024F} = {D9D3FAA6-3B36-4DC4-A22E-32DEABEE4404}
		{5F03D104-10BB-B3BA-7021-6A64E7AA221F} = {D9D3FAA6-3B36-4DC4-A22E-32DEABEE4404}
		{49E7EEAF-9054-48C6-88AE-03D0F4968B76} = {D9D3FAA6-3B36-4DC4-A22E-32DEABEE4404}
		{4D6734B5-7D37-17AD-7060-E94CFDAE292E} = {D9D3FAA6-3B36-4DC4-A22E-32DEABEE4404}
		{A9E66316-6483-BD43-8FC3-020655427237} = {D9D3FAA6-3B36-4DC4-A22E-32DEABEE4404}
		{5C6460DB-F7B1-5315-A0DE-79A9DFC525A1} = {D9D3FAA6-3B36-4DC4-A22E-32DEABEE4404}
		{603C6853-166F-A229-0CE7-B001CAF96C76} = {D9D3FAA6-3B36-4DC4-A22E-32DEABEE4404}
	EndGlobalSection
EndGlobal
